// !$*UTF8*$!
{
	archiveVersion = 1;
	classes = {
	};
	objectVersion = 46;
	objects = {

/* Begin PBXBuildFile section */
		8C2F696A1DD3077B00795D88 /* BrightFutures.framework in Frameworks */ = {isa = PBXBuildFile; fileRef = 8CF605BE1DCBCE4A00BC2E50 /* BrightFutures.framework */; };
		8C5D6E4F1DD2D8F40000DEE7 /* AnnouncementEndpointSpec.swift in Sources */ = {isa = PBXBuildFile; fileRef = 8C5D6E4E1DD2D8F40000DEE7 /* AnnouncementEndpointSpec.swift */; };
		8C5D6E511DD2DA4E0000DEE7 /* AnnouncementEndpoint.swift in Sources */ = {isa = PBXBuildFile; fileRef = 8C5D6E501DD2DA4E0000DEE7 /* AnnouncementEndpoint.swift */; };
		8C5D87261DCC2B9300DAB8D3 /* GroupEndpoint.swift in Sources */ = {isa = PBXBuildFile; fileRef = 8C5D87251DCC2B9300DAB8D3 /* GroupEndpoint.swift */; };
		8C5D87281DCC2E8C00DAB8D3 /* FisherHallClient.swift in Sources */ = {isa = PBXBuildFile; fileRef = 8C5D87271DCC2E8C00DAB8D3 /* FisherHallClient.swift */; };
		8C5D872B1DCC3A5A00DAB8D3 /* GroupEndpointSpec.swift in Sources */ = {isa = PBXBuildFile; fileRef = 8C5D872A1DCC3A5A00DAB8D3 /* GroupEndpointSpec.swift */; };
		8C5D87391DD00FD100DAB8D3 /* BulletinResource.swift in Sources */ = {isa = PBXBuildFile; fileRef = 8C5D87381DD00FD100DAB8D3 /* BulletinResource.swift */; };
		8C5D873D1DD0212B00DAB8D3 /* BulletinEndpoint.swift in Sources */ = {isa = PBXBuildFile; fileRef = 8C5D873C1DD0212B00DAB8D3 /* BulletinEndpoint.swift */; };
		8C9DB62B1DD2CC6500BB0920 /* AnnouncementResource.swift in Sources */ = {isa = PBXBuildFile; fileRef = 8C9DB62A1DD2CC6500BB0920 /* AnnouncementResource.swift */; };
		8CCFF42D1DD6621A001663BF /* Nimble.framework in Frameworks */ = {isa = PBXBuildFile; fileRef = 8CF605D01DCBEAD700BC2E50 /* Nimble.framework */; };
		8CCFF42E1DD6621A001663BF /* Quick.framework in Frameworks */ = {isa = PBXBuildFile; fileRef = 8CF605CF1DCBEAD700BC2E50 /* Quick.framework */; };
		8CD1941C1DD0C76500AFEDE2 /* BulletinEndpointSpec.swift in Sources */ = {isa = PBXBuildFile; fileRef = 8CD1941B1DD0C76500AFEDE2 /* BulletinEndpointSpec.swift */; };
		8CF6059E1DCBCBF500BC2E50 /* AppDelegate.swift in Sources */ = {isa = PBXBuildFile; fileRef = 8CF6059D1DCBCBF500BC2E50 /* AppDelegate.swift */; };
		8CF605A01DCBCBF500BC2E50 /* ViewController.swift in Sources */ = {isa = PBXBuildFile; fileRef = 8CF6059F1DCBCBF500BC2E50 /* ViewController.swift */; };
		8CF605A31DCBCBF500BC2E50 /* Main.storyboard in Resources */ = {isa = PBXBuildFile; fileRef = 8CF605A11DCBCBF500BC2E50 /* Main.storyboard */; };
		8CF605A51DCBCBF500BC2E50 /* Assets.xcassets in Resources */ = {isa = PBXBuildFile; fileRef = 8CF605A41DCBCBF500BC2E50 /* Assets.xcassets */; };
		8CF605A81DCBCBF500BC2E50 /* LaunchScreen.storyboard in Resources */ = {isa = PBXBuildFile; fileRef = 8CF605A61DCBCBF500BC2E50 /* LaunchScreen.storyboard */; };
		8CF605B31DCBCBF500BC2E50 /* FisherHallClientSpec.swift in Sources */ = {isa = PBXBuildFile; fileRef = 8CF605B21DCBCBF500BC2E50 /* FisherHallClientSpec.swift */; };
		8CF605C41DCBCE4A00BC2E50 /* Spine.framework in Frameworks */ = {isa = PBXBuildFile; fileRef = 8CF605C01DCBCE4A00BC2E50 /* Spine.framework */; };
		8CF605C91DCBD81C00BC2E50 /* GroupResource.swift in Sources */ = {isa = PBXBuildFile; fileRef = 8CF605C81DCBD81C00BC2E50 /* GroupResource.swift */; };
		8CF605CE1DCBE61D00BC2E50 /* GroupResourceSpec.swift in Sources */ = {isa = PBXBuildFile; fileRef = 8CF605CD1DCBE61D00BC2E50 /* GroupResourceSpec.swift */; };
		8CF605D81DCBFAD900BC2E50 /* Spine.framework in Frameworks */ = {isa = PBXBuildFile; fileRef = 8CF605C01DCBCE4A00BC2E50 /* Spine.framework */; };
		8CF605D91DCBFAD900BC2E50 /* SwiftyJSON.framework in Frameworks */ = {isa = PBXBuildFile; fileRef = 8CF605C11DCBCE4A00BC2E50 /* SwiftyJSON.framework */; };
		8CF605DA1DCBFAD900BC2E50 /* BrightFutures.framework in Frameworks */ = {isa = PBXBuildFile; fileRef = 8CF605BE1DCBCE4A00BC2E50 /* BrightFutures.framework */; };
		8CF605DB1DCBFAD900BC2E50 /* Result.framework in Frameworks */ = {isa = PBXBuildFile; fileRef = 8CF605BF1DCBCE4A00BC2E50 /* Result.framework */; };
		8CF605E11DCBFB5300BC2E50 /* BrightFutures.framework in Embed Frameworks */ = {isa = PBXBuildFile; fileRef = 8CF605BE1DCBCE4A00BC2E50 /* BrightFutures.framework */; settings = {ATTRIBUTES = (CodeSignOnCopy, RemoveHeadersOnCopy, ); }; };
		8CF605E21DCBFB5300BC2E50 /* Result.framework in Frameworks */ = {isa = PBXBuildFile; fileRef = 8CF605BF1DCBCE4A00BC2E50 /* Result.framework */; };
		8CF605E31DCBFB5300BC2E50 /* Result.framework in Embed Frameworks */ = {isa = PBXBuildFile; fileRef = 8CF605BF1DCBCE4A00BC2E50 /* Result.framework */; settings = {ATTRIBUTES = (CodeSignOnCopy, RemoveHeadersOnCopy, ); }; };
		8CF605E51DCBFB5300BC2E50 /* Spine.framework in Embed Frameworks */ = {isa = PBXBuildFile; fileRef = 8CF605C01DCBCE4A00BC2E50 /* Spine.framework */; settings = {ATTRIBUTES = (CodeSignOnCopy, RemoveHeadersOnCopy, ); }; };
		8CF605E61DCBFB5300BC2E50 /* SwiftyJSON.framework in Frameworks */ = {isa = PBXBuildFile; fileRef = 8CF605C11DCBCE4A00BC2E50 /* SwiftyJSON.framework */; };
		8CF605E71DCBFB5300BC2E50 /* SwiftyJSON.framework in Embed Frameworks */ = {isa = PBXBuildFile; fileRef = 8CF605C11DCBCE4A00BC2E50 /* SwiftyJSON.framework */; settings = {ATTRIBUTES = (CodeSignOnCopy, RemoveHeadersOnCopy, ); }; };
/* End PBXBuildFile section */

/* Begin PBXContainerItemProxy section */
		8CF605AF1DCBCBF500BC2E50 /* PBXContainerItemProxy */ = {
			isa = PBXContainerItemProxy;
			containerPortal = 8CF605921DCBCBF500BC2E50 /* Project object */;
			proxyType = 1;
			remoteGlobalIDString = 8CF605991DCBCBF500BC2E50;
			remoteInfo = FisherHallClient;
		};
/* End PBXContainerItemProxy section */

/* Begin PBXCopyFilesBuildPhase section */
		8CF605E81DCBFB5300BC2E50 /* Embed Frameworks */ = {
			isa = PBXCopyFilesBuildPhase;
			buildActionMask = 2147483647;
			dstPath = "";
			dstSubfolderSpec = 10;
			files = (
				8CF605E11DCBFB5300BC2E50 /* BrightFutures.framework in Embed Frameworks */,
				8CF605E71DCBFB5300BC2E50 /* SwiftyJSON.framework in Embed Frameworks */,
				8CF605E31DCBFB5300BC2E50 /* Result.framework in Embed Frameworks */,
				8CF605E51DCBFB5300BC2E50 /* Spine.framework in Embed Frameworks */,
			);
			name = "Embed Frameworks";
			runOnlyForDeploymentPostprocessing = 0;
		};
/* End PBXCopyFilesBuildPhase section */

/* Begin PBXFileReference section */
		8C5D6E4E1DD2D8F40000DEE7 /* AnnouncementEndpointSpec.swift */ = {isa = PBXFileReference; fileEncoding = 4; lastKnownFileType = sourcecode.swift; name = AnnouncementEndpointSpec.swift; path = Endpoints/AnnouncementEndpointSpec.swift; sourceTree = "<group>"; };
		8C5D6E501DD2DA4E0000DEE7 /* AnnouncementEndpoint.swift */ = {isa = PBXFileReference; fileEncoding = 4; lastKnownFileType = sourcecode.swift; name = AnnouncementEndpoint.swift; path = Endpoints/AnnouncementEndpoint.swift; sourceTree = "<group>"; };
		8C5D87251DCC2B9300DAB8D3 /* GroupEndpoint.swift */ = {isa = PBXFileReference; fileEncoding = 4; lastKnownFileType = sourcecode.swift; name = GroupEndpoint.swift; path = Endpoints/GroupEndpoint.swift; sourceTree = "<group>"; };
		8C5D87271DCC2E8C00DAB8D3 /* FisherHallClient.swift */ = {isa = PBXFileReference; fileEncoding = 4; lastKnownFileType = sourcecode.swift; path = FisherHallClient.swift; sourceTree = "<group>"; };
		8C5D872A1DCC3A5A00DAB8D3 /* GroupEndpointSpec.swift */ = {isa = PBXFileReference; fileEncoding = 4; lastKnownFileType = sourcecode.swift; name = GroupEndpointSpec.swift; path = Endpoints/GroupEndpointSpec.swift; sourceTree = "<group>"; };
		8C5D87381DD00FD100DAB8D3 /* BulletinResource.swift */ = {isa = PBXFileReference; fileEncoding = 4; lastKnownFileType = sourcecode.swift; name = BulletinResource.swift; path = Resources/BulletinResource.swift; sourceTree = "<group>"; };
		8C5D873C1DD0212B00DAB8D3 /* BulletinEndpoint.swift */ = {isa = PBXFileReference; fileEncoding = 4; lastKnownFileType = sourcecode.swift; name = BulletinEndpoint.swift; path = Endpoints/BulletinEndpoint.swift; sourceTree = "<group>"; };
		8C9DB62A1DD2CC6500BB0920 /* AnnouncementResource.swift */ = {isa = PBXFileReference; fileEncoding = 4; lastKnownFileType = sourcecode.swift; name = AnnouncementResource.swift; path = Resources/AnnouncementResource.swift; sourceTree = "<group>"; };
		8CD1941B1DD0C76500AFEDE2 /* BulletinEndpointSpec.swift */ = {isa = PBXFileReference; fileEncoding = 4; lastKnownFileType = sourcecode.swift; name = BulletinEndpointSpec.swift; path = Endpoints/BulletinEndpointSpec.swift; sourceTree = "<group>"; };
		8CF6059A1DCBCBF500BC2E50 /* FisherHallClient.app */ = {isa = PBXFileReference; explicitFileType = wrapper.application; includeInIndex = 0; path = FisherHallClient.app; sourceTree = BUILT_PRODUCTS_DIR; };
		8CF6059D1DCBCBF500BC2E50 /* AppDelegate.swift */ = {isa = PBXFileReference; lastKnownFileType = sourcecode.swift; path = AppDelegate.swift; sourceTree = "<group>"; };
		8CF6059F1DCBCBF500BC2E50 /* ViewController.swift */ = {isa = PBXFileReference; lastKnownFileType = sourcecode.swift; path = ViewController.swift; sourceTree = "<group>"; };
		8CF605A21DCBCBF500BC2E50 /* Base */ = {isa = PBXFileReference; lastKnownFileType = file.storyboard; name = Base; path = Base.lproj/Main.storyboard; sourceTree = "<group>"; };
		8CF605A41DCBCBF500BC2E50 /* Assets.xcassets */ = {isa = PBXFileReference; lastKnownFileType = folder.assetcatalog; path = Assets.xcassets; sourceTree = "<group>"; };
		8CF605A71DCBCBF500BC2E50 /* Base */ = {isa = PBXFileReference; lastKnownFileType = file.storyboard; name = Base; path = Base.lproj/LaunchScreen.storyboard; sourceTree = "<group>"; };
		8CF605A91DCBCBF500BC2E50 /* Info.plist */ = {isa = PBXFileReference; lastKnownFileType = text.plist.xml; path = Info.plist; sourceTree = "<group>"; };
		8CF605AE1DCBCBF500BC2E50 /* FisherHallClientTests.xctest */ = {isa = PBXFileReference; explicitFileType = wrapper.cfbundle; includeInIndex = 0; path = FisherHallClientTests.xctest; sourceTree = BUILT_PRODUCTS_DIR; };
		8CF605B21DCBCBF500BC2E50 /* FisherHallClientSpec.swift */ = {isa = PBXFileReference; lastKnownFileType = sourcecode.swift; path = FisherHallClientSpec.swift; sourceTree = "<group>"; };
		8CF605B41DCBCBF500BC2E50 /* Info.plist */ = {isa = PBXFileReference; lastKnownFileType = text.plist.xml; path = Info.plist; sourceTree = "<group>"; };
		8CF605BE1DCBCE4A00BC2E50 /* BrightFutures.framework */ = {isa = PBXFileReference; lastKnownFileType = wrapper.framework; name = BrightFutures.framework; path = Carthage/Build/iOS/BrightFutures.framework; sourceTree = "<group>"; };
		8CF605BF1DCBCE4A00BC2E50 /* Result.framework */ = {isa = PBXFileReference; lastKnownFileType = wrapper.framework; name = Result.framework; path = Carthage/Build/iOS/Result.framework; sourceTree = "<group>"; };
		8CF605C01DCBCE4A00BC2E50 /* Spine.framework */ = {isa = PBXFileReference; lastKnownFileType = wrapper.framework; name = Spine.framework; path = Carthage/Build/iOS/Spine.framework; sourceTree = "<group>"; };
		8CF605C11DCBCE4A00BC2E50 /* SwiftyJSON.framework */ = {isa = PBXFileReference; lastKnownFileType = wrapper.framework; name = SwiftyJSON.framework; path = Carthage/Build/iOS/SwiftyJSON.framework; sourceTree = "<group>"; };
		8CF605C81DCBD81C00BC2E50 /* GroupResource.swift */ = {isa = PBXFileReference; fileEncoding = 4; lastKnownFileType = sourcecode.swift; name = GroupResource.swift; path = Resources/GroupResource.swift; sourceTree = "<group>"; };
		8CF605CD1DCBE61D00BC2E50 /* GroupResourceSpec.swift */ = {isa = PBXFileReference; fileEncoding = 4; lastKnownFileType = sourcecode.swift; name = GroupResourceSpec.swift; path = Resources/GroupResourceSpec.swift; sourceTree = "<group>"; };
		8CF605CF1DCBEAD700BC2E50 /* Quick.framework */ = {isa = PBXFileReference; lastKnownFileType = wrapper.framework; name = Quick.framework; path = Carthage/Build/iOS/Quick.framework; sourceTree = "<group>"; };
		8CF605D01DCBEAD700BC2E50 /* Nimble.framework */ = {isa = PBXFileReference; lastKnownFileType = wrapper.framework; name = Nimble.framework; path = Carthage/Build/iOS/Nimble.framework; sourceTree = "<group>"; };
/* End PBXFileReference section */

/* Begin PBXFrameworksBuildPhase section */
		8CF605971DCBCBF500BC2E50 /* Frameworks */ = {
			isa = PBXFrameworksBuildPhase;
			buildActionMask = 2147483647;
			files = (
				8C2F696A1DD3077B00795D88 /* BrightFutures.framework in Frameworks */,
				8CF605C41DCBCE4A00BC2E50 /* Spine.framework in Frameworks */,
				8CF605E21DCBFB5300BC2E50 /* Result.framework in Frameworks */,
				8CF605E61DCBFB5300BC2E50 /* SwiftyJSON.framework in Frameworks */,
			);
			runOnlyForDeploymentPostprocessing = 0;
		};
		8CF605AB1DCBCBF500BC2E50 /* Frameworks */ = {
			isa = PBXFrameworksBuildPhase;
			buildActionMask = 2147483647;
			files = (
				8CCFF42D1DD6621A001663BF /* Nimble.framework in Frameworks */,
				8CCFF42E1DD6621A001663BF /* Quick.framework in Frameworks */,
				8CF605D81DCBFAD900BC2E50 /* Spine.framework in Frameworks */,
				8CF605D91DCBFAD900BC2E50 /* SwiftyJSON.framework in Frameworks */,
				8CF605DA1DCBFAD900BC2E50 /* BrightFutures.framework in Frameworks */,
				8CF605DB1DCBFAD900BC2E50 /* Result.framework in Frameworks */,
			);
			runOnlyForDeploymentPostprocessing = 0;
		};
/* End PBXFrameworksBuildPhase section */

/* Begin PBXGroup section */
		8C5D87241DCC2B4800DAB8D3 /* Endpoints */ = {
			isa = PBXGroup;
			children = (
				8C5D87251DCC2B9300DAB8D3 /* GroupEndpoint.swift */,
				8C5D873C1DD0212B00DAB8D3 /* BulletinEndpoint.swift */,
				8C5D6E501DD2DA4E0000DEE7 /* AnnouncementEndpoint.swift */,
			);
			name = Endpoints;
			sourceTree = "<group>";
		};
		8C5D87291DCC3A3800DAB8D3 /* Endpoints */ = {
			isa = PBXGroup;
			children = (
				8CD1941B1DD0C76500AFEDE2 /* BulletinEndpointSpec.swift */,
				8C5D872A1DCC3A5A00DAB8D3 /* GroupEndpointSpec.swift */,
				8C5D6E4E1DD2D8F40000DEE7 /* AnnouncementEndpointSpec.swift */,
			);
			name = Endpoints;
			sourceTree = "<group>";
		};
		8C5D87311DCCD56200DAB8D3 /* Fixtures */ = {
			isa = PBXGroup;
			children = (
				8C5D87321DCCD57100DAB8D3 /* DVR */,
			);
			name = Fixtures;
			sourceTree = "<group>";
		};
		8C5D87321DCCD57100DAB8D3 /* DVR */ = {
			isa = PBXGroup;
			children = (
			);
			name = DVR;
			sourceTree = "<group>";
		};
		8CF605911DCBCBF500BC2E50 = {
			isa = PBXGroup;
			children = (
				8CF6059C1DCBCBF500BC2E50 /* FisherHallClient */,
				8CF605B11DCBCBF500BC2E50 /* FisherHallClientTests */,
				8CF6059B1DCBCBF500BC2E50 /* Products */,
				8CF605BD1DCBCE4A00BC2E50 /* Frameworks */,
			);
			indentWidth = 2;
			sourceTree = "<group>";
			tabWidth = 2;
			usesTabs = 1;
		};
		8CF6059B1DCBCBF500BC2E50 /* Products */ = {
			isa = PBXGroup;
			children = (
				8CF6059A1DCBCBF500BC2E50 /* FisherHallClient.app */,
				8CF605AE1DCBCBF500BC2E50 /* FisherHallClientTests.xctest */,
			);
			name = Products;
			sourceTree = "<group>";
		};
		8CF6059C1DCBCBF500BC2E50 /* FisherHallClient */ = {
			isa = PBXGroup;
			children = (
				8C5D87241DCC2B4800DAB8D3 /* Endpoints */,
				8CF605C71DCBD7AD00BC2E50 /* Resources */,
				8CF6059D1DCBCBF500BC2E50 /* AppDelegate.swift */,
				8CF6059F1DCBCBF500BC2E50 /* ViewController.swift */,
				8CF605A11DCBCBF500BC2E50 /* Main.storyboard */,
				8CF605A41DCBCBF500BC2E50 /* Assets.xcassets */,
				8CF605A61DCBCBF500BC2E50 /* LaunchScreen.storyboard */,
				8CF605A91DCBCBF500BC2E50 /* Info.plist */,
				8C5D87271DCC2E8C00DAB8D3 /* FisherHallClient.swift */,
			);
			path = FisherHallClient;
			sourceTree = "<group>";
		};
		8CF605B11DCBCBF500BC2E50 /* FisherHallClientTests */ = {
			isa = PBXGroup;
			children = (
				8C5D87311DCCD56200DAB8D3 /* Fixtures */,
				8C5D87291DCC3A3800DAB8D3 /* Endpoints */,
				8CF605CA1DCBE4C700BC2E50 /* Resources */,
				8CF605B21DCBCBF500BC2E50 /* FisherHallClientSpec.swift */,
				8CF605B41DCBCBF500BC2E50 /* Info.plist */,
			);
			path = FisherHallClientTests;
			sourceTree = "<group>";
		};
		8CF605BD1DCBCE4A00BC2E50 /* Frameworks */ = {
			isa = PBXGroup;
			children = (
				8CF605CF1DCBEAD700BC2E50 /* Quick.framework */,
				8CF605D01DCBEAD700BC2E50 /* Nimble.framework */,
				8CF605BE1DCBCE4A00BC2E50 /* BrightFutures.framework */,
				8CF605BF1DCBCE4A00BC2E50 /* Result.framework */,
				8CF605C01DCBCE4A00BC2E50 /* Spine.framework */,
				8CF605C11DCBCE4A00BC2E50 /* SwiftyJSON.framework */,
			);
			name = Frameworks;
			sourceTree = "<group>";
		};
		8CF605C71DCBD7AD00BC2E50 /* Resources */ = {
			isa = PBXGroup;
			children = (
				8C9DB62A1DD2CC6500BB0920 /* AnnouncementResource.swift */,
				8C5D87381DD00FD100DAB8D3 /* BulletinResource.swift */,
				8CF605C81DCBD81C00BC2E50 /* GroupResource.swift */,
			);
			name = Resources;
			sourceTree = "<group>";
		};
		8CF605CA1DCBE4C700BC2E50 /* Resources */ = {
			isa = PBXGroup;
			children = (
				8CF605CD1DCBE61D00BC2E50 /* GroupResourceSpec.swift */,
			);
			name = Resources;
			sourceTree = "<group>";
		};
/* End PBXGroup section */

/* Begin PBXNativeTarget section */
		8CF605991DCBCBF500BC2E50 /* FisherHallClient */ = {
			isa = PBXNativeTarget;
			buildConfigurationList = 8CF605B71DCBCBF500BC2E50 /* Build configuration list for PBXNativeTarget "FisherHallClient" */;
			buildPhases = (
				8CF605961DCBCBF500BC2E50 /* Sources */,
				8CF605971DCBCBF500BC2E50 /* Frameworks */,
				8CF605981DCBCBF500BC2E50 /* Resources */,
				8CF605C61DCBCE5C00BC2E50 /* ShellScript */,
				8CF605E81DCBFB5300BC2E50 /* Embed Frameworks */,
			);
			buildRules = (
			);
			dependencies = (
			);
			name = FisherHallClient;
			productName = FisherHallClient;
			productReference = 8CF6059A1DCBCBF500BC2E50 /* FisherHallClient.app */;
			productType = "com.apple.product-type.application";
		};
		8CF605AD1DCBCBF500BC2E50 /* FisherHallClientTests */ = {
			isa = PBXNativeTarget;
			buildConfigurationList = 8CF605BA1DCBCBF500BC2E50 /* Build configuration list for PBXNativeTarget "FisherHallClientTests" */;
			buildPhases = (
				8CF605AA1DCBCBF500BC2E50 /* Sources */,
				8CF605AB1DCBCBF500BC2E50 /* Frameworks */,
				8CF605AC1DCBCBF500BC2E50 /* Resources */,
				8CF605D71DCBF9A300BC2E50 /* ShellScript */,
			);
			buildRules = (
			);
			dependencies = (
				8CF605B01DCBCBF500BC2E50 /* PBXTargetDependency */,
			);
			name = FisherHallClientTests;
			productName = FisherHallClientTests;
			productReference = 8CF605AE1DCBCBF500BC2E50 /* FisherHallClientTests.xctest */;
			productType = "com.apple.product-type.bundle.unit-test";
		};
/* End PBXNativeTarget section */

/* Begin PBXProject section */
		8CF605921DCBCBF500BC2E50 /* Project object */ = {
			isa = PBXProject;
			attributes = {
				LastSwiftUpdateCheck = 0810;
				LastUpgradeCheck = 0810;
				ORGANIZATIONNAME = "Amos Chan";
				TargetAttributes = {
					8CF605991DCBCBF500BC2E50 = {
						CreatedOnToolsVersion = 8.1;
						DevelopmentTeam = C974G5D47X;
						ProvisioningStyle = Automatic;
					};
					8CF605AD1DCBCBF500BC2E50 = {
						CreatedOnToolsVersion = 8.1;
						DevelopmentTeam = C974G5D47X;
						ProvisioningStyle = Automatic;
						TestTargetID = 8CF605991DCBCBF500BC2E50;
					};
				};
			};
			buildConfigurationList = 8CF605951DCBCBF500BC2E50 /* Build configuration list for PBXProject "FisherHallClient" */;
			compatibilityVersion = "Xcode 3.2";
			developmentRegion = English;
			hasScannedForEncodings = 0;
			knownRegions = (
				en,
				Base,
			);
			mainGroup = 8CF605911DCBCBF500BC2E50;
			productRefGroup = 8CF6059B1DCBCBF500BC2E50 /* Products */;
			projectDirPath = "";
			projectRoot = "";
			targets = (
				8CF605991DCBCBF500BC2E50 /* FisherHallClient */,
				8CF605AD1DCBCBF500BC2E50 /* FisherHallClientTests */,
			);
		};
/* End PBXProject section */

/* Begin PBXResourcesBuildPhase section */
		8CF605981DCBCBF500BC2E50 /* Resources */ = {
			isa = PBXResourcesBuildPhase;
			buildActionMask = 2147483647;
			files = (
				8CF605A81DCBCBF500BC2E50 /* LaunchScreen.storyboard in Resources */,
				8CF605A51DCBCBF500BC2E50 /* Assets.xcassets in Resources */,
				8CF605A31DCBCBF500BC2E50 /* Main.storyboard in Resources */,
			);
			runOnlyForDeploymentPostprocessing = 0;
		};
		8CF605AC1DCBCBF500BC2E50 /* Resources */ = {
			isa = PBXResourcesBuildPhase;
			buildActionMask = 2147483647;
			files = (
			);
			runOnlyForDeploymentPostprocessing = 0;
		};
/* End PBXResourcesBuildPhase section */

/* Begin PBXShellScriptBuildPhase section */
		8CF605C61DCBCE5C00BC2E50 /* ShellScript */ = {
			isa = PBXShellScriptBuildPhase;
			buildActionMask = 2147483647;
			files = (
			);
			inputPaths = (
				"$(SRCROOT)/Carthage/Build/iOS/Spine.framework",
			);
			outputPaths = (
			);
			runOnlyForDeploymentPostprocessing = 0;
			shellPath = /bin/sh;
			shellScript = "/usr/local/bin/carthage copy-frameworks";
		};
		8CF605D71DCBF9A300BC2E50 /* ShellScript */ = {
			isa = PBXShellScriptBuildPhase;
			buildActionMask = 2147483647;
			files = (
			);
			inputPaths = (
				"$(SRCROOT)/Carthage/Build/iOS/BrightFutures.framework",
				"$(SRCROOT)/Carthage/Build/iOS/Spine.framework",
				"$(SRCROOT)/Carthage/Build/iOS/Result.framework",
				"$(SRCROOT)/Carthage/Build/iOS/SwiftyJSON.framework",
				"$(SRCROOT)/Carthage/Build/iOS/Quick.framework",
				"$(SRCROOT)/Carthage/Build/iOS/Nimble.framework",
			);
			outputPaths = (
			);
			runOnlyForDeploymentPostprocessing = 0;
			shellPath = /bin/sh;
			shellScript = "/usr/local/bin/carthage copy-frameworks";
		};
/* End PBXShellScriptBuildPhase section */

/* Begin PBXSourcesBuildPhase section */
		8CF605961DCBCBF500BC2E50 /* Sources */ = {
			isa = PBXSourcesBuildPhase;
			buildActionMask = 2147483647;
			files = (
				8C9DB62B1DD2CC6500BB0920 /* AnnouncementResource.swift in Sources */,
				8C5D87391DD00FD100DAB8D3 /* BulletinResource.swift in Sources */,
				8CF605A01DCBCBF500BC2E50 /* ViewController.swift in Sources */,
				8C5D6E511DD2DA4E0000DEE7 /* AnnouncementEndpoint.swift in Sources */,
				8C5D87281DCC2E8C00DAB8D3 /* FisherHallClient.swift in Sources */,
				8CF605C91DCBD81C00BC2E50 /* GroupResource.swift in Sources */,
				8C5D873D1DD0212B00DAB8D3 /* BulletinEndpoint.swift in Sources */,
				8CF6059E1DCBCBF500BC2E50 /* AppDelegate.swift in Sources */,
				8C5D87261DCC2B9300DAB8D3 /* GroupEndpoint.swift in Sources */,
			);
			runOnlyForDeploymentPostprocessing = 0;
		};
		8CF605AA1DCBCBF500BC2E50 /* Sources */ = {
			isa = PBXSourcesBuildPhase;
			buildActionMask = 2147483647;
			files = (
				8CF605B31DCBCBF500BC2E50 /* FisherHallClientSpec.swift in Sources */,
				8CF605CE1DCBE61D00BC2E50 /* GroupResourceSpec.swift in Sources */,
				8C5D6E4F1DD2D8F40000DEE7 /* AnnouncementEndpointSpec.swift in Sources */,
				8C5D872B1DCC3A5A00DAB8D3 /* GroupEndpointSpec.swift in Sources */,
				8CD1941C1DD0C76500AFEDE2 /* BulletinEndpointSpec.swift in Sources */,
			);
			runOnlyForDeploymentPostprocessing = 0;
		};
/* End PBXSourcesBuildPhase section */

/* Begin PBXTargetDependency section */
		8CF605B01DCBCBF500BC2E50 /* PBXTargetDependency */ = {
			isa = PBXTargetDependency;
			target = 8CF605991DCBCBF500BC2E50 /* FisherHallClient */;
			targetProxy = 8CF605AF1DCBCBF500BC2E50 /* PBXContainerItemProxy */;
		};
/* End PBXTargetDependency section */

/* Begin PBXVariantGroup section */
		8CF605A11DCBCBF500BC2E50 /* Main.storyboard */ = {
			isa = PBXVariantGroup;
			children = (
				8CF605A21DCBCBF500BC2E50 /* Base */,
			);
			name = Main.storyboard;
			sourceTree = "<group>";
		};
		8CF605A61DCBCBF500BC2E50 /* LaunchScreen.storyboard */ = {
			isa = PBXVariantGroup;
			children = (
				8CF605A71DCBCBF500BC2E50 /* Base */,
			);
			name = LaunchScreen.storyboard;
			sourceTree = "<group>";
		};
/* End PBXVariantGroup section */

/* Begin XCBuildConfiguration section */
		8CF605B51DCBCBF500BC2E50 /* Debug */ = {
			isa = XCBuildConfiguration;
			buildSettings = {
				ALWAYS_SEARCH_USER_PATHS = NO;
				CLANG_ANALYZER_NONNULL = YES;
				CLANG_CXX_LANGUAGE_STANDARD = "gnu++0x";
				CLANG_CXX_LIBRARY = "libc++";
				CLANG_ENABLE_MODULES = YES;
				CLANG_ENABLE_OBJC_ARC = YES;
				CLANG_WARN_BOOL_CONVERSION = YES;
				CLANG_WARN_CONSTANT_CONVERSION = YES;
				CLANG_WARN_DIRECT_OBJC_ISA_USAGE = YES_ERROR;
				CLANG_WARN_DOCUMENTATION_COMMENTS = YES;
				CLANG_WARN_EMPTY_BODY = YES;
				CLANG_WARN_ENUM_CONVERSION = YES;
				CLANG_WARN_INFINITE_RECURSION = YES;
				CLANG_WARN_INT_CONVERSION = YES;
				CLANG_WARN_OBJC_ROOT_CLASS = YES_ERROR;
				CLANG_WARN_SUSPICIOUS_MOVES = YES;
				CLANG_WARN_UNREACHABLE_CODE = YES;
				CLANG_WARN__DUPLICATE_METHOD_MATCH = YES;
				"CODE_SIGN_IDENTITY[sdk=iphoneos*]" = "iPhone Developer";
				COPY_PHASE_STRIP = NO;
				DEBUG_INFORMATION_FORMAT = dwarf;
				ENABLE_STRICT_OBJC_MSGSEND = YES;
				ENABLE_TESTABILITY = YES;
				GCC_C_LANGUAGE_STANDARD = gnu99;
				GCC_DYNAMIC_NO_PIC = NO;
				GCC_NO_COMMON_BLOCKS = YES;
				GCC_OPTIMIZATION_LEVEL = 0;
				GCC_PREPROCESSOR_DEFINITIONS = (
					"DEBUG=1",
					"$(inherited)",
				);
				GCC_WARN_64_TO_32_BIT_CONVERSION = YES;
				GCC_WARN_ABOUT_RETURN_TYPE = YES_ERROR;
				GCC_WARN_UNDECLARED_SELECTOR = YES;
				GCC_WARN_UNINITIALIZED_AUTOS = YES_AGGRESSIVE;
				GCC_WARN_UNUSED_FUNCTION = YES;
				GCC_WARN_UNUSED_VARIABLE = YES;
				IPHONEOS_DEPLOYMENT_TARGET = 10.0;
				MTL_ENABLE_DEBUG_INFO = YES;
				ONLY_ACTIVE_ARCH = YES;
				SDKROOT = iphoneos;
				SWIFT_ACTIVE_COMPILATION_CONDITIONS = DEBUG;
				SWIFT_OPTIMIZATION_LEVEL = "-Onone";
				TARGETED_DEVICE_FAMILY = "1,2";
			};
			name = Debug;
		};
		8CF605B61DCBCBF500BC2E50 /* Release */ = {
			isa = XCBuildConfiguration;
			buildSettings = {
				ALWAYS_SEARCH_USER_PATHS = NO;
				CLANG_ANALYZER_NONNULL = YES;
				CLANG_CXX_LANGUAGE_STANDARD = "gnu++0x";
				CLANG_CXX_LIBRARY = "libc++";
				CLANG_ENABLE_MODULES = YES;
				CLANG_ENABLE_OBJC_ARC = YES;
				CLANG_WARN_BOOL_CONVERSION = YES;
				CLANG_WARN_CONSTANT_CONVERSION = YES;
				CLANG_WARN_DIRECT_OBJC_ISA_USAGE = YES_ERROR;
				CLANG_WARN_DOCUMENTATION_COMMENTS = YES;
				CLANG_WARN_EMPTY_BODY = YES;
				CLANG_WARN_ENUM_CONVERSION = YES;
				CLANG_WARN_INFINITE_RECURSION = YES;
				CLANG_WARN_INT_CONVERSION = YES;
				CLANG_WARN_OBJC_ROOT_CLASS = YES_ERROR;
				CLANG_WARN_SUSPICIOUS_MOVES = YES;
				CLANG_WARN_UNREACHABLE_CODE = YES;
				CLANG_WARN__DUPLICATE_METHOD_MATCH = YES;
				"CODE_SIGN_IDENTITY[sdk=iphoneos*]" = "iPhone Developer";
				COPY_PHASE_STRIP = NO;
				DEBUG_INFORMATION_FORMAT = "dwarf-with-dsym";
				ENABLE_NS_ASSERTIONS = NO;
				ENABLE_STRICT_OBJC_MSGSEND = YES;
				GCC_C_LANGUAGE_STANDARD = gnu99;
				GCC_NO_COMMON_BLOCKS = YES;
				GCC_WARN_64_TO_32_BIT_CONVERSION = YES;
				GCC_WARN_ABOUT_RETURN_TYPE = YES_ERROR;
				GCC_WARN_UNDECLARED_SELECTOR = YES;
				GCC_WARN_UNINITIALIZED_AUTOS = YES_AGGRESSIVE;
				GCC_WARN_UNUSED_FUNCTION = YES;
				GCC_WARN_UNUSED_VARIABLE = YES;
				IPHONEOS_DEPLOYMENT_TARGET = 10.0;
				MTL_ENABLE_DEBUG_INFO = NO;
				SDKROOT = iphoneos;
				SWIFT_OPTIMIZATION_LEVEL = "-Owholemodule";
				TARGETED_DEVICE_FAMILY = "1,2";
				VALIDATE_PRODUCT = YES;
			};
			name = Release;
		};
		8CF605B81DCBCBF500BC2E50 /* Debug */ = {
			isa = XCBuildConfiguration;
			buildSettings = {
				ASSETCATALOG_COMPILER_APPICON_NAME = AppIcon;
				DEFINES_MODULE = YES;
				DEVELOPMENT_TEAM = C974G5D47X;
				FRAMEWORK_SEARCH_PATHS = (
					"$(inherited)",
					"$(PROJECT_DIR)/Carthage/Build/iOS",
				);
				INFOPLIST_FILE = FisherHallClient/Info.plist;
				LD_RUNPATH_SEARCH_PATHS = "$(inherited) @executable_path/Frameworks";
				PRODUCT_BUNDLE_IDENTIFIER = church.mcac.fisherhall.FisherHallClient;
				PRODUCT_NAME = "$(TARGET_NAME)";
				SWIFT_VERSION = 3.0;
			};
			name = Debug;
		};
		8CF605B91DCBCBF500BC2E50 /* Release */ = {
			isa = XCBuildConfiguration;
			buildSettings = {
				ASSETCATALOG_COMPILER_APPICON_NAME = AppIcon;
				DEFINES_MODULE = YES;
				DEVELOPMENT_TEAM = C974G5D47X;
				FRAMEWORK_SEARCH_PATHS = (
					"$(inherited)",
					"$(PROJECT_DIR)/Carthage/Build/iOS",
				);
				INFOPLIST_FILE = FisherHallClient/Info.plist;
				LD_RUNPATH_SEARCH_PATHS = "$(inherited) @executable_path/Frameworks";
				PRODUCT_BUNDLE_IDENTIFIER = church.mcac.fisherhall.FisherHallClient;
				PRODUCT_NAME = "$(TARGET_NAME)";
				SWIFT_VERSION = 3.0;
			};
			name = Release;
		};
		8CF605BB1DCBCBF500BC2E50 /* Debug */ = {
			isa = XCBuildConfiguration;
			buildSettings = {
				ALWAYS_EMBED_SWIFT_STANDARD_LIBRARIES = YES;
				BUNDLE_LOADER = "$(TEST_HOST)";
				DEVELOPMENT_TEAM = C974G5D47X;
				FRAMEWORK_SEARCH_PATHS = (
					"$(inherited)",
					"$(PROJECT_DIR)/Carthage/Build/iOS",
				);
				INFOPLIST_FILE = FisherHallClientTests/Info.plist;
				LD_RUNPATH_SEARCH_PATHS = "$(inherited) @executable_path/Frameworks @loader_path/Frameworks";
				PRODUCT_BUNDLE_IDENTIFIER = church.mcac.fisherhall.FisherHallClientTests;
				PRODUCT_NAME = "$(TARGET_NAME)";
				SWIFT_VERSION = 3.0;
				TEST_HOST = "$(BUILT_PRODUCTS_DIR)/FisherHallClient.app/FisherHallClient";
			};
			name = Debug;
		};
		8CF605BC1DCBCBF500BC2E50 /* Release */ = {
			isa = XCBuildConfiguration;
			buildSettings = {
				ALWAYS_EMBED_SWIFT_STANDARD_LIBRARIES = YES;
				BUNDLE_LOADER = "$(TEST_HOST)";
				DEVELOPMENT_TEAM = C974G5D47X;
				FRAMEWORK_SEARCH_PATHS = (
					"$(inherited)",
					"$(PROJECT_DIR)/Carthage/Build/iOS",
				);
				INFOPLIST_FILE = FisherHallClientTests/Info.plist;
				LD_RUNPATH_SEARCH_PATHS = "$(inherited) @executable_path/Frameworks @loader_path/Frameworks";
				PRODUCT_BUNDLE_IDENTIFIER = church.mcac.fisherhall.FisherHallClientTests;
				PRODUCT_NAME = "$(TARGET_NAME)";
				SWIFT_VERSION = 3.0;
				TEST_HOST = "$(BUILT_PRODUCTS_DIR)/FisherHallClient.app/FisherHallClient";
			};
			name = Release;
		};
/* End XCBuildConfiguration section */

/* Begin XCConfigurationList section */
		8CF605951DCBCBF500BC2E50 /* Build configuration list for PBXProject "FisherHallClient" */ = {
			isa = XCConfigurationList;
			buildConfigurations = (
				8CF605B51DCBCBF500BC2E50 /* Debug */,
				8CF605B61DCBCBF500BC2E50 /* Release */,
			);
			defaultConfigurationIsVisible = 0;
			defaultConfigurationName = Release;
		};
		8CF605B71DCBCBF500BC2E50 /* Build configuration list for PBXNativeTarget "FisherHallClient" */ = {
			isa = XCConfigurationList;
			buildConfigurations = (
				8CF605B81DCBCBF500BC2E50 /* Debug */,
				8CF605B91DCBCBF500BC2E50 /* Release */,
			);
			defaultConfigurationIsVisible = 0;
			defaultConfigurationName = Release;
		};
		8CF605BA1DCBCBF500BC2E50 /* Build configuration list for PBXNativeTarget "FisherHallClientTests" */ = {
			isa = XCConfigurationList;
			buildConfigurations = (
				8CF605BB1DCBCBF500BC2E50 /* Debug */,
				8CF605BC1DCBCBF500BC2E50 /* Release */,
			);
			defaultConfigurationIsVisible = 0;
			defaultConfigurationName = Release;
		};
/* End XCConfigurationList section */
	};
	rootObject = 8CF605921DCBCBF500BC2E50 /* Project object */;
}
